{
  "pins" : [
    {
      "identity" : "marshmellow",
      "kind" : "remoteSourceControl",
      "location" : "https://github.com/jatinm11/Marshmellow",
      "state" : {
        "branch" : "main",
        "revision" : "6cbe64f4249b8b25ef608e012e66d3c22608f38a"
      }
    }
  ],
  "version" : 2
}
